
Microsoft Visual Studio Solution File, Format Version 12.00
# Visual Studio Version 16
VisualStudioVersion = 16.0.30204.135
MinimumVisualStudioVersion = 10.0.40219.1
Project("{FAE04EC0-301F-11D3-BF4B-00C04F79EFBC}") = "Pagination.ASP.Net", "Pagination.ASP.Net\Pagination.ASP.Net.csproj", "{3CD2905D-CD8A-4C49-B747-7E0539583B83}"
EndProject
Global
	GlobalSection(SolutionConfigurationPlatforms) = preSolution
		Debug|Any CPU = Debug|Any CPU
		Release|Any CPU = Release|Any CPU
	EndGlobalSection
	GlobalSection(ProjectConfigurationPlatforms) = postSolution
		{3CD2905D-CD8A-4C49-B747-7E0539583B83}.Debug|Any CPU.ActiveCfg = Debug|Any CPU
		{3CD2905D-CD8A-4C49-B747-7E0539583B83}.Debug|Any CPU.Build.0 = Debug|Any CPU
		{3CD2905D-CD8A-4C49-B747-7E0539583B83}.Release|Any CPU.ActiveCfg = Release|Any CPU
		{3CD2905D-CD8A-4C49-B747-7E0539583B83}.Release|Any CPU.Build.0 = Release|Any CPU
	EndGlobalSection
	GlobalSection(SolutionProperties) = preSolution
		HideSolutionNode = FALSE
	EndGlobalSection
	GlobalSection(ExtensibilityGlobals) = postSolution
		SolutionGuid = {60CEE5AF-4D45-4348-9582-0A05346F57EC}
	EndGlobalSection
EndGlobal
